
Microsoft Visual Studio Solution File, Format Version 12.00
# Visual Studio 15
VisualStudioVersion = 15.0.28010.2016
MinimumVisualStudioVersion = 10.0.40219.1
Project("{FAE04EC0-301F-11D3-BF4B-00C04F79EFBC}") = "WPFLayer", "WPFLayer\WPFLayer.csproj", "{F114AFB4-6F75-4844-87D1-54935301FED9}"
EndProject
Global
	GlobalSection(SolutionConfigurationPlatforms) = preSolution
		Debug|Any CPU = Debug|Any CPU
		Release|Any CPU = Release|Any CPU
	EndGlobalSection
	GlobalSection(ProjectConfigurationPlatforms) = postSolution
		{F114AFB4-6F75-4844-87D1-54935301FED9}.Debug|Any CPU.ActiveCfg = Debug|Any CPU
		{F114AFB4-6F75-4844-87D1-54935301FED9}.Debug|Any CPU.Build.0 = Debug|Any CPU
		{F114AFB4-6F75-4844-87D1-54935301FED9}.Release|Any CPU.ActiveCfg = Release|Any CPU
		{F114AFB4-6F75-4844-87D1-54935301FED9}.Release|Any CPU.Build.0 = Release|Any CPU
	EndGlobalSection
	GlobalSection(SolutionProperties) = preSolution
		HideSolutionNode = FALSE
	EndGlobalSection
	GlobalSection(ExtensibilityGlobals) = postSolution
		SolutionGuid = {EBFA745F-B4E5-4AE0-8508-282F18CB4E03}
	EndGlobalSection
EndGlobal
