
Microsoft Visual Studio Solution File, Format Version 12.00
# Visual Studio 15
VisualStudioVersion = 15.0.28010.2016
MinimumVisualStudioVersion = 10.0.40219.1
Project("{FAE04EC0-301F-11D3-BF4B-00C04F79EFBC}") = "WCF", "WCF\WCF.csproj", "{02CA242C-FD03-4D92-A32C-BE94A4EBA457}"
EndProject
Global
	GlobalSection(SolutionConfigurationPlatforms) = preSolution
		Debug|Any CPU = Debug|Any CPU
		Release|Any CPU = Release|Any CPU
	EndGlobalSection
	GlobalSection(ProjectConfigurationPlatforms) = postSolution
		{02CA242C-FD03-4D92-A32C-BE94A4EBA457}.Debug|Any CPU.ActiveCfg = Debug|Any CPU
		{02CA242C-FD03-4D92-A32C-BE94A4EBA457}.Debug|Any CPU.Build.0 = Debug|Any CPU
		{02CA242C-FD03-4D92-A32C-BE94A4EBA457}.Release|Any CPU.ActiveCfg = Release|Any CPU
		{02CA242C-FD03-4D92-A32C-BE94A4EBA457}.Release|Any CPU.Build.0 = Release|Any CPU
	EndGlobalSection
	GlobalSection(SolutionProperties) = preSolution
		HideSolutionNode = FALSE
	EndGlobalSection
	GlobalSection(ExtensibilityGlobals) = postSolution
		SolutionGuid = {66C4C57D-7AC8-470D-ABB7-AAD4DA9B6F9A}
	EndGlobalSection
EndGlobal
